
Microsoft Visual Studio Solution File, Format Version 12.00
# Visual Studio Version 17
VisualStudioVersion = 17.3.32922.545
MinimumVisualStudioVersion = 10.0.40219.1
Project("{FAE04EC0-301F-11D3-BF4B-00C04F79EFBC}") = "Odev1_TarihMetodu", "Odev1_TarihMetodu.csproj", "{8F3EE1BE-EEC8-4042-A76A-1849D1B0B138}"
EndProject
Global
	GlobalSection(SolutionConfigurationPlatforms) = preSolution
		Debug|Any CPU = Debug|Any CPU
		Release|Any CPU = Release|Any CPU
	EndGlobalSection
	GlobalSection(ProjectConfigurationPlatforms) = postSolution
		{8F3EE1BE-EEC8-4042-A76A-1849D1B0B138}.Debug|Any CPU.ActiveCfg = Debug|Any CPU
		{8F3EE1BE-EEC8-4042-A76A-1849D1B0B138}.Debug|Any CPU.Build.0 = Debug|Any CPU
		{8F3EE1BE-EEC8-4042-A76A-1849D1B0B138}.Release|Any CPU.ActiveCfg = Release|Any CPU
		{8F3EE1BE-EEC8-4042-A76A-1849D1B0B138}.Release|Any CPU.Build.0 = Release|Any CPU
	EndGlobalSection
	GlobalSection(SolutionProperties) = preSolution
		HideSolutionNode = FALSE
	EndGlobalSection
	GlobalSection(ExtensibilityGlobals) = postSolution
		SolutionGuid = {B1A3CCD6-2E2C-4409-A247-0E51541B53B8}
	EndGlobalSection
EndGlobal
