
Microsoft Visual Studio Solution File, Format Version 12.00
# Visual Studio Version 17
VisualStudioVersion = 17.2.32630.192
MinimumVisualStudioVersion = 10.0.40219.1
Project("{FAE04EC0-301F-11D3-BF4B-00C04F79EFBC}") = "Proje04_Sayısal_Loto_Oyunu", "Proje04_Sayısal_Loto_Oyunu.csproj", "{FC6166CA-ED82-428F-AB19-0ED2C78B3B8B}"
EndProject
Global
	GlobalSection(SolutionConfigurationPlatforms) = preSolution
		Debug|Any CPU = Debug|Any CPU
		Release|Any CPU = Release|Any CPU
	EndGlobalSection
	GlobalSection(ProjectConfigurationPlatforms) = postSolution
		{FC6166CA-ED82-428F-AB19-0ED2C78B3B8B}.Debug|Any CPU.ActiveCfg = Debug|Any CPU
		{FC6166CA-ED82-428F-AB19-0ED2C78B3B8B}.Debug|Any CPU.Build.0 = Debug|Any CPU
		{FC6166CA-ED82-428F-AB19-0ED2C78B3B8B}.Release|Any CPU.ActiveCfg = Release|Any CPU
		{FC6166CA-ED82-428F-AB19-0ED2C78B3B8B}.Release|Any CPU.Build.0 = Release|Any CPU
	EndGlobalSection
	GlobalSection(SolutionProperties) = preSolution
		HideSolutionNode = FALSE
	EndGlobalSection
	GlobalSection(ExtensibilityGlobals) = postSolution
		SolutionGuid = {B63152E1-F227-4E3E-AAA2-6B09F00894A5}
	EndGlobalSection
EndGlobal
