
Microsoft Visual Studio Solution File, Format Version 12.00
# Visual Studio Version 17
VisualStudioVersion = 17.3.32922.545
MinimumVisualStudioVersion = 10.0.40219.1
Project("{FAE04EC0-301F-11D3-BF4B-00C04F79EFBC}") = "proje11_odev3DikUcgenYapımı", "proje11_odev3DikUcgenYapımı.csproj", "{9B674AE6-AA1C-49E5-AB89-5F22AE79492A}"
EndProject
Global
	GlobalSection(SolutionConfigurationPlatforms) = preSolution
		Debug|Any CPU = Debug|Any CPU
		Release|Any CPU = Release|Any CPU
	EndGlobalSection
	GlobalSection(ProjectConfigurationPlatforms) = postSolution
		{9B674AE6-AA1C-49E5-AB89-5F22AE79492A}.Debug|Any CPU.ActiveCfg = Debug|Any CPU
		{9B674AE6-AA1C-49E5-AB89-5F22AE79492A}.Debug|Any CPU.Build.0 = Debug|Any CPU
		{9B674AE6-AA1C-49E5-AB89-5F22AE79492A}.Release|Any CPU.ActiveCfg = Release|Any CPU
		{9B674AE6-AA1C-49E5-AB89-5F22AE79492A}.Release|Any CPU.Build.0 = Release|Any CPU
	EndGlobalSection
	GlobalSection(SolutionProperties) = preSolution
		HideSolutionNode = FALSE
	EndGlobalSection
	GlobalSection(ExtensibilityGlobals) = postSolution
		SolutionGuid = {6E428077-E7E7-44D5-9219-342597BACBCF}
	EndGlobalSection
EndGlobal
