
Microsoft Visual Studio Solution File, Format Version 12.00
# Visual Studio Version 17
VisualStudioVersion = 17.2.32630.192
MinimumVisualStudioVersion = 10.0.40219.1
Project("{FAE04EC0-301F-11D3-BF4B-00C04F79EFBC}") = "Proje09_Interface", "Proje09_Interface.csproj", "{D246571B-281E-49E3-86D4-4D1779F30EBC}"
EndProject
Global
	GlobalSection(SolutionConfigurationPlatforms) = preSolution
		Debug|Any CPU = Debug|Any CPU
		Release|Any CPU = Release|Any CPU
	EndGlobalSection
	GlobalSection(ProjectConfigurationPlatforms) = postSolution
		{D246571B-281E-49E3-86D4-4D1779F30EBC}.Debug|Any CPU.ActiveCfg = Debug|Any CPU
		{D246571B-281E-49E3-86D4-4D1779F30EBC}.Debug|Any CPU.Build.0 = Debug|Any CPU
		{D246571B-281E-49E3-86D4-4D1779F30EBC}.Release|Any CPU.ActiveCfg = Release|Any CPU
		{D246571B-281E-49E3-86D4-4D1779F30EBC}.Release|Any CPU.Build.0 = Release|Any CPU
	EndGlobalSection
	GlobalSection(SolutionProperties) = preSolution
		HideSolutionNode = FALSE
	EndGlobalSection
	GlobalSection(ExtensibilityGlobals) = postSolution
		SolutionGuid = {9959A843-913D-4523-9F6B-57B5594BA0D4}
	EndGlobalSection
EndGlobal
