
Microsoft Visual Studio Solution File, Format Version 12.00
# Visual Studio Version 17
VisualStudioVersion = 17.2.32630.192
MinimumVisualStudioVersion = 10.0.40219.1
Project("{9A19103F-16F7-4668-BE54-9A1E7A4F7556}") = "proje05_MetinselMetodlar", "proje05_MetinselMetodlar.csproj", "{C76225A1-5390-49D0-98EF-33538166DB8B}"
EndProject
Global
	GlobalSection(SolutionConfigurationPlatforms) = preSolution
		Debug|Any CPU = Debug|Any CPU
		Release|Any CPU = Release|Any CPU
	EndGlobalSection
	GlobalSection(ProjectConfigurationPlatforms) = postSolution
		{C76225A1-5390-49D0-98EF-33538166DB8B}.Debug|Any CPU.ActiveCfg = Debug|Any CPU
		{C76225A1-5390-49D0-98EF-33538166DB8B}.Debug|Any CPU.Build.0 = Debug|Any CPU
		{C76225A1-5390-49D0-98EF-33538166DB8B}.Release|Any CPU.ActiveCfg = Release|Any CPU
		{C76225A1-5390-49D0-98EF-33538166DB8B}.Release|Any CPU.Build.0 = Release|Any CPU
	EndGlobalSection
	GlobalSection(SolutionProperties) = preSolution
		HideSolutionNode = FALSE
	EndGlobalSection
	GlobalSection(ExtensibilityGlobals) = postSolution
		SolutionGuid = {21E1E3C7-3ACB-4D8A-A232-AB0EA997EFE9}
	EndGlobalSection
EndGlobal
