
Microsoft Visual Studio Solution File, Format Version 12.00
# Visual Studio Version 17
VisualStudioVersion = 17.2.32630.192
MinimumVisualStudioVersion = 10.0.40219.1
Project("{FAE04EC0-301F-11D3-BF4B-00C04F79EFBC}") = "Proje02_Methods_Advanced", "Proje02_Methods_Advanced.csproj", "{3A51EFEF-090B-4DE3-8FFC-324BADBB7C24}"
EndProject
Global
	GlobalSection(SolutionConfigurationPlatforms) = preSolution
		Debug|Any CPU = Debug|Any CPU
		Release|Any CPU = Release|Any CPU
	EndGlobalSection
	GlobalSection(ProjectConfigurationPlatforms) = postSolution
		{3A51EFEF-090B-4DE3-8FFC-324BADBB7C24}.Debug|Any CPU.ActiveCfg = Debug|Any CPU
		{3A51EFEF-090B-4DE3-8FFC-324BADBB7C24}.Debug|Any CPU.Build.0 = Debug|Any CPU
		{3A51EFEF-090B-4DE3-8FFC-324BADBB7C24}.Release|Any CPU.ActiveCfg = Release|Any CPU
		{3A51EFEF-090B-4DE3-8FFC-324BADBB7C24}.Release|Any CPU.Build.0 = Release|Any CPU
	EndGlobalSection
	GlobalSection(SolutionProperties) = preSolution
		HideSolutionNode = FALSE
	EndGlobalSection
	GlobalSection(ExtensibilityGlobals) = postSolution
		SolutionGuid = {F0AA6441-141A-4BF0-8503-C759F4393D78}
	EndGlobalSection
EndGlobal
