
Microsoft Visual Studio Solution File, Format Version 12.00
# Visual Studio Version 17
VisualStudioVersion = 17.3.32922.545
MinimumVisualStudioVersion = 10.0.40219.1
Project("{FAE04EC0-301F-11D3-BF4B-00C04F79EFBC}") = "Odev5_SıfreOlusturma", "Odev5_SıfreOlusturma.csproj", "{C7093A7F-D7AC-49F5-9FEB-07E36CBF70E9}"
EndProject
Global
	GlobalSection(SolutionConfigurationPlatforms) = preSolution
		Debug|Any CPU = Debug|Any CPU
		Release|Any CPU = Release|Any CPU
	EndGlobalSection
	GlobalSection(ProjectConfigurationPlatforms) = postSolution
		{C7093A7F-D7AC-49F5-9FEB-07E36CBF70E9}.Debug|Any CPU.ActiveCfg = Debug|Any CPU
		{C7093A7F-D7AC-49F5-9FEB-07E36CBF70E9}.Debug|Any CPU.Build.0 = Debug|Any CPU
		{C7093A7F-D7AC-49F5-9FEB-07E36CBF70E9}.Release|Any CPU.ActiveCfg = Release|Any CPU
		{C7093A7F-D7AC-49F5-9FEB-07E36CBF70E9}.Release|Any CPU.Build.0 = Release|Any CPU
	EndGlobalSection
	GlobalSection(SolutionProperties) = preSolution
		HideSolutionNode = FALSE
	EndGlobalSection
	GlobalSection(ExtensibilityGlobals) = postSolution
		SolutionGuid = {3E5793B5-D962-468D-8F00-2BD4E44D74F6}
	EndGlobalSection
EndGlobal
