
Microsoft Visual Studio Solution File, Format Version 12.00
# Visual Studio Version 17
VisualStudioVersion = 17.3.32922.545
MinimumVisualStudioVersion = 10.0.40219.1
Project("{FAE04EC0-301F-11D3-BF4B-00C04F79EFBC}") = "proje11_odev1", "proje11_odev1.csproj", "{736BD31B-8105-4286-949F-4C4681932203}"
EndProject
Global
	GlobalSection(SolutionConfigurationPlatforms) = preSolution
		Debug|Any CPU = Debug|Any CPU
		Release|Any CPU = Release|Any CPU
	EndGlobalSection
	GlobalSection(ProjectConfigurationPlatforms) = postSolution
		{736BD31B-8105-4286-949F-4C4681932203}.Debug|Any CPU.ActiveCfg = Debug|Any CPU
		{736BD31B-8105-4286-949F-4C4681932203}.Debug|Any CPU.Build.0 = Debug|Any CPU
		{736BD31B-8105-4286-949F-4C4681932203}.Release|Any CPU.ActiveCfg = Release|Any CPU
		{736BD31B-8105-4286-949F-4C4681932203}.Release|Any CPU.Build.0 = Release|Any CPU
	EndGlobalSection
	GlobalSection(SolutionProperties) = preSolution
		HideSolutionNode = FALSE
	EndGlobalSection
	GlobalSection(ExtensibilityGlobals) = postSolution
		SolutionGuid = {824FA479-C02C-4927-9683-433FD23AC24C}
	EndGlobalSection
EndGlobal
