
Microsoft Visual Studio Solution File, Format Version 12.00
# Visual Studio Version 17
VisualStudioVersion = 17.2.32630.192
MinimumVisualStudioVersion = 10.0.40219.1
Project("{FAE04EC0-301F-11D3-BF4B-00C04F79EFBC}") = "Proje06_Inheritance_Kalitim_Miras", "Proje06_Inheritance_Kalitim_Miras.csproj", "{58E57BCF-DC75-431D-BCB0-3FB45D5AB42C}"
EndProject
Global
	GlobalSection(SolutionConfigurationPlatforms) = preSolution
		Debug|Any CPU = Debug|Any CPU
		Release|Any CPU = Release|Any CPU
	EndGlobalSection
	GlobalSection(ProjectConfigurationPlatforms) = postSolution
		{58E57BCF-DC75-431D-BCB0-3FB45D5AB42C}.Debug|Any CPU.ActiveCfg = Debug|Any CPU
		{58E57BCF-DC75-431D-BCB0-3FB45D5AB42C}.Debug|Any CPU.Build.0 = Debug|Any CPU
		{58E57BCF-DC75-431D-BCB0-3FB45D5AB42C}.Release|Any CPU.ActiveCfg = Release|Any CPU
		{58E57BCF-DC75-431D-BCB0-3FB45D5AB42C}.Release|Any CPU.Build.0 = Release|Any CPU
	EndGlobalSection
	GlobalSection(SolutionProperties) = preSolution
		HideSolutionNode = FALSE
	EndGlobalSection
	GlobalSection(ExtensibilityGlobals) = postSolution
		SolutionGuid = {8EE461E0-64C6-414A-87EC-8F38FAB49304}
	EndGlobalSection
EndGlobal
