
Microsoft Visual Studio Solution File, Format Version 12.00
# Visual Studio Version 17
VisualStudioVersion = 17.2.32630.192
MinimumVisualStudioVersion = 10.0.40219.1
Project("{FAE04EC0-301F-11D3-BF4B-00C04F79EFBC}") = "Proje08_Abstract", "Proje08_Abstract.csproj", "{137AD9B2-37A3-4D36-8122-86CBBE9472C6}"
EndProject
Global
	GlobalSection(SolutionConfigurationPlatforms) = preSolution
		Debug|Any CPU = Debug|Any CPU
		Release|Any CPU = Release|Any CPU
	EndGlobalSection
	GlobalSection(ProjectConfigurationPlatforms) = postSolution
		{137AD9B2-37A3-4D36-8122-86CBBE9472C6}.Debug|Any CPU.ActiveCfg = Debug|Any CPU
		{137AD9B2-37A3-4D36-8122-86CBBE9472C6}.Debug|Any CPU.Build.0 = Debug|Any CPU
		{137AD9B2-37A3-4D36-8122-86CBBE9472C6}.Release|Any CPU.ActiveCfg = Release|Any CPU
		{137AD9B2-37A3-4D36-8122-86CBBE9472C6}.Release|Any CPU.Build.0 = Release|Any CPU
	EndGlobalSection
	GlobalSection(SolutionProperties) = preSolution
		HideSolutionNode = FALSE
	EndGlobalSection
	GlobalSection(ExtensibilityGlobals) = postSolution
		SolutionGuid = {4CBD325A-A4AC-452C-9FFC-A379AEC5A113}
	EndGlobalSection
EndGlobal
