
Microsoft Visual Studio Solution File, Format Version 12.00
# Visual Studio Version 17
VisualStudioVersion = 17.2.32630.192
MinimumVisualStudioVersion = 10.0.40219.1
Project("{FAE04EC0-301F-11D3-BF4B-00C04F79EFBC}") = "Proje01_Hello_World", "Proje01_Hello_World.csproj", "{CBFC6689-D141-479D-8FF5-6207FE9C2408}"
EndProject
Global
	GlobalSection(SolutionConfigurationPlatforms) = preSolution
		Debug|Any CPU = Debug|Any CPU
		Release|Any CPU = Release|Any CPU
	EndGlobalSection
	GlobalSection(ProjectConfigurationPlatforms) = postSolution
		{CBFC6689-D141-479D-8FF5-6207FE9C2408}.Debug|Any CPU.ActiveCfg = Debug|Any CPU
		{CBFC6689-D141-479D-8FF5-6207FE9C2408}.Debug|Any CPU.Build.0 = Debug|Any CPU
		{CBFC6689-D141-479D-8FF5-6207FE9C2408}.Release|Any CPU.ActiveCfg = Release|Any CPU
		{CBFC6689-D141-479D-8FF5-6207FE9C2408}.Release|Any CPU.Build.0 = Release|Any CPU
	EndGlobalSection
	GlobalSection(SolutionProperties) = preSolution
		HideSolutionNode = FALSE
	EndGlobalSection
	GlobalSection(ExtensibilityGlobals) = postSolution
		SolutionGuid = {A1BBFF0C-4C46-4AC9-B176-85A5D26EDA24}
	EndGlobalSection
EndGlobal
