
Microsoft Visual Studio Solution File, Format Version 12.00
# Visual Studio Version 17
VisualStudioVersion = 17.2.32630.192
MinimumVisualStudioVersion = 10.0.40219.1
Project("{FAE04EC0-301F-11D3-BF4B-00C04F79EFBC}") = "proje01_ClassFıeldPropertyUygulama", "proje01_ClassFıeldPropertyUygulama.csproj", "{E8D97E64-DAF8-4ED0-B366-5029E89E8108}"
EndProject
Global
	GlobalSection(SolutionConfigurationPlatforms) = preSolution
		Debug|Any CPU = Debug|Any CPU
		Release|Any CPU = Release|Any CPU
	EndGlobalSection
	GlobalSection(ProjectConfigurationPlatforms) = postSolution
		{E8D97E64-DAF8-4ED0-B366-5029E89E8108}.Debug|Any CPU.ActiveCfg = Debug|Any CPU
		{E8D97E64-DAF8-4ED0-B366-5029E89E8108}.Debug|Any CPU.Build.0 = Debug|Any CPU
		{E8D97E64-DAF8-4ED0-B366-5029E89E8108}.Release|Any CPU.ActiveCfg = Release|Any CPU
		{E8D97E64-DAF8-4ED0-B366-5029E89E8108}.Release|Any CPU.Build.0 = Release|Any CPU
	EndGlobalSection
	GlobalSection(SolutionProperties) = preSolution
		HideSolutionNode = FALSE
	EndGlobalSection
	GlobalSection(ExtensibilityGlobals) = postSolution
		SolutionGuid = {21DEB9D0-63BB-471D-B7C0-A09D8BC3D46E}
	EndGlobalSection
EndGlobal
