
Microsoft Visual Studio Solution File, Format Version 12.00
# Visual Studio Version 17
VisualStudioVersion = 17.2.32630.192
MinimumVisualStudioVersion = 10.0.40219.1
Project("{FAE04EC0-301F-11D3-BF4B-00C04F79EFBC}") = "Prje07_tarihMetotları", "Prje07_tarihMetotları.csproj", "{0EE5E548-913D-4B67-BA57-CA36E9AD7BC1}"
EndProject
Global
	GlobalSection(SolutionConfigurationPlatforms) = preSolution
		Debug|Any CPU = Debug|Any CPU
		Release|Any CPU = Release|Any CPU
	EndGlobalSection
	GlobalSection(ProjectConfigurationPlatforms) = postSolution
		{0EE5E548-913D-4B67-BA57-CA36E9AD7BC1}.Debug|Any CPU.ActiveCfg = Debug|Any CPU
		{0EE5E548-913D-4B67-BA57-CA36E9AD7BC1}.Debug|Any CPU.Build.0 = Debug|Any CPU
		{0EE5E548-913D-4B67-BA57-CA36E9AD7BC1}.Release|Any CPU.ActiveCfg = Release|Any CPU
		{0EE5E548-913D-4B67-BA57-CA36E9AD7BC1}.Release|Any CPU.Build.0 = Release|Any CPU
	EndGlobalSection
	GlobalSection(SolutionProperties) = preSolution
		HideSolutionNode = FALSE
	EndGlobalSection
	GlobalSection(ExtensibilityGlobals) = postSolution
		SolutionGuid = {AAEFEBEB-063A-40A0-A022-9AC7E74E31DA}
	EndGlobalSection
EndGlobal
