
Microsoft Visual Studio Solution File, Format Version 12.00
# Visual Studio Version 17
VisualStudioVersion = 17.4.33110.190
MinimumVisualStudioVersion = 10.0.40219.1
Project("{FAE04EC0-301F-11D3-BF4B-00C04F79EFBC}") = "Solid01_SingleResponsibility", "Solid01_SingleResponsibility.csproj", "{76BB7B38-2AC6-45CD-BAD6-3AB89E964530}"
EndProject
Global
	GlobalSection(SolutionConfigurationPlatforms) = preSolution
		Debug|Any CPU = Debug|Any CPU
		Release|Any CPU = Release|Any CPU
	EndGlobalSection
	GlobalSection(ProjectConfigurationPlatforms) = postSolution
		{76BB7B38-2AC6-45CD-BAD6-3AB89E964530}.Debug|Any CPU.ActiveCfg = Debug|Any CPU
		{76BB7B38-2AC6-45CD-BAD6-3AB89E964530}.Debug|Any CPU.Build.0 = Debug|Any CPU
		{76BB7B38-2AC6-45CD-BAD6-3AB89E964530}.Release|Any CPU.ActiveCfg = Release|Any CPU
		{76BB7B38-2AC6-45CD-BAD6-3AB89E964530}.Release|Any CPU.Build.0 = Release|Any CPU
	EndGlobalSection
	GlobalSection(SolutionProperties) = preSolution
		HideSolutionNode = FALSE
	EndGlobalSection
	GlobalSection(ExtensibilityGlobals) = postSolution
		SolutionGuid = {C90AF552-6416-4091-9458-EB089EDCC2AB}
	EndGlobalSection
EndGlobal
