
Microsoft Visual Studio Solution File, Format Version 12.00
# Visual Studio Version 17
VisualStudioVersion = 17.2.32630.192
MinimumVisualStudioVersion = 10.0.40219.1
Project("{FAE04EC0-301F-11D3-BF4B-00C04F79EFBC}") = "proje11_For", "proje11_For.csproj", "{DE962B8D-B2F2-4C38-9B58-0291BD6E00F0}"
EndProject
Global
	GlobalSection(SolutionConfigurationPlatforms) = preSolution
		Debug|Any CPU = Debug|Any CPU
		Release|Any CPU = Release|Any CPU
	EndGlobalSection
	GlobalSection(ProjectConfigurationPlatforms) = postSolution
		{DE962B8D-B2F2-4C38-9B58-0291BD6E00F0}.Debug|Any CPU.ActiveCfg = Debug|Any CPU
		{DE962B8D-B2F2-4C38-9B58-0291BD6E00F0}.Debug|Any CPU.Build.0 = Debug|Any CPU
		{DE962B8D-B2F2-4C38-9B58-0291BD6E00F0}.Release|Any CPU.ActiveCfg = Release|Any CPU
		{DE962B8D-B2F2-4C38-9B58-0291BD6E00F0}.Release|Any CPU.Build.0 = Release|Any CPU
	EndGlobalSection
	GlobalSection(SolutionProperties) = preSolution
		HideSolutionNode = FALSE
	EndGlobalSection
	GlobalSection(ExtensibilityGlobals) = postSolution
		SolutionGuid = {7A8DACA0-2133-4D63-A1C1-4ADF46DA9149}
	EndGlobalSection
EndGlobal
